// !$*UTF8*$!
{
	archiveVersion = 1;
	classes = {
	};
	objectVersion = 77;
	objects = {

/* Begin PBXBuildFile section */
		DF022DC32F47523E007F6C55 /* .gitignore in Resources */ = {isa = PBXBuildFile; fileRef = DF022DC22F47523E007F6C55 /* .gitignore */; };
		DF3130A42F4A0F600091DE91 /* RxRelay in Frameworks */ = {isa = PBXBuildFile; productRef = DF3130A32F4A0F600091DE91 /* RxRelay */; };
		DF3130A62F4A0F600091DE91 /* RxSwift in Frameworks */ = {isa = PBXBuildFile; productRef = DF3130A52F4A0F600091DE91 /* RxSwift */; };
		DF46806A2F4B4DE500EA65F2 /* Differentiator in Frameworks */ = {isa = PBXBuildFile; productRef = DF4680692F4B4DE500EA65F2 /* Differentiator */; };
		DF46806C2F4B4DE500EA65F2 /* RxDataSources in Frameworks */ = {isa = PBXBuildFile; productRef = DF46806B2F4B4DE500EA65F2 /* RxDataSources */; };
		DF78549C2F5D5D5000372852 /* DifferenceKit in Frameworks */ = {isa = PBXBuildFile; productRef = DF78549B2F5D5D5000372852 /* DifferenceKit */; };
		DF9BCFE02F55E4EE00830E99 /* Kingfisher in Frameworks */ = {isa = PBXBuildFile; productRef = DF9BCFDF2F55E4EE00830E99 /* Kingfisher */; };
		DFB890A02F687F9A002130CD /* AutoCodable in Frameworks */ = {isa = PBXBuildFile; productRef = DFB8909F2F687F9A002130CD /* AutoCodable */; };
		DFFBD8512F8C0B8B00D6673B /* ReactorKit in Frameworks */ = {isa = PBXBuildFile; productRef = DFFBD8502F8C0B8B00D6673B /* ReactorKit */; };
/* End PBXBuildFile section */

/* Begin PBXFileReference section */
		DF022DB32F4751E0007F6C55 /* Swift-Lab.app */ = {isa = PBXFileReference; explicitFileType = wrapper.application; includeInIndex = 0; path = "Swift-Lab.app"; sourceTree = BUILT_PRODUCTS_DIR; };
		DF022DC22F47523E007F6C55 /* .gitignore */ = {isa = PBXFileReference; lastKnownFileType = text; path = .gitignore; sourceTree = "<group>"; };
/* End PBXFileReference section */

/* Begin PBXFileSystemSynchronizedBuildFileExceptionSet section */
		DF3130AD2F4A1A2E0091DE91 /* Exceptions for "Swift-Lab" folder in "Swift-Lab" target */ = {
			isa = PBXFileSystemSynchronizedBuildFileExceptionSet;
			membershipExceptions = (
				Info.plist,
			);
			target = DF022DB22F4751E0007F6C55 /* Swift-Lab */;
		};
/* End PBXFileSystemSynchronizedBuildFileExceptionSet section */

/* Begin PBXFileSystemSynchronizedRootGroup section */
		DF022DB52F4751E0007F6C55 /* Swift-Lab */ = {
			isa = PBXFileSystemSynchronizedRootGroup;
			exceptions = (
				DF3130AD2F4A1A2E0091DE91 /* Exceptions for "Swift-Lab" folder in "Swift-Lab" target */,
			);
			path = "Swift-Lab";
			sourceTree = "<group>";
		};
		DF92BED52F925E3F0092C609 /* CLI-Lab */ = {
			isa = PBXFileSystemSynchronizedRootGroup;
			path = "CLI-Lab";
			sourceTree = "<group>";
		};
/* End PBXFileSystemSynchronizedRootGroup section */

/* Begin PBXFrameworksBuildPhase section */
		DF022DB02F4751E0007F6C55 /* Frameworks */ = {
			isa = PBXFrameworksBuildPhase;
			buildActionMask = 2147483647;
			files = (
				DF9BCFE02F55E4EE00830E99 /* Kingfisher in Frameworks */,
				DF46806A2F4B4DE500EA65F2 /* Differentiator in Frameworks */,
				DF3130A62F4A0F600091DE91 /* RxSwift in Frameworks */,
				DF78549C2F5D5D5000372852 /* DifferenceKit in Frameworks */,
				DFFBD8512F8C0B8B00D6673B /* ReactorKit in Frameworks */,
				DF3130A42F4A0F600091DE91 /* RxRelay in Frameworks */,
				DF46806C2F4B4DE500EA65F2 /* RxDataSources in Frameworks */,
				DFB890A02F687F9A002130CD /* AutoCodable in Frameworks */,
			);
			runOnlyForDeploymentPostprocessing = 0;
		};
/* End PBXFrameworksBuildPhase section */

/* Begin PBXGroup section */
		DF022DAA2F4751E0007F6C55 = {
			isa = PBXGroup;
			children = (
				DF022DC22F47523E007F6C55 /* .gitignore */,
				DF022DB52F4751E0007F6C55 /* Swift-Lab */,
				DF022DB42F4751E0007F6C55 /* Products */,
				DF92BED52F925E3F0092C609 /* CLI-Lab */,
			);
			sourceTree = "<group>";
		};
		DF022DB42F4751E0007F6C55 /* Products */ = {
			isa = PBXGroup;
			children = (
				DF022DB32F4751E0007F6C55 /* Swift-Lab.app */,
			);
			name = Products;
			sourceTree = "<group>";
		};
/* End PBXGroup section */

/* Begin PBXNativeTarget section */
		DF022DB22F4751E0007F6C55 /* Swift-Lab */ = {
			isa = PBXNativeTarget;
			buildConfigurationList = DF022DBE2F4751E0007F6C55 /* Build configuration list for PBXNativeTarget "Swift-Lab" */;
			buildPhases = (
				DF022DAF2F4751E0007F6C55 /* Sources */,
				DF022DB02F4751E0007F6C55 /* Frameworks */,
				DF022DB12F4751E0007F6C55 /* Resources */,
			);
			buildRules = (
			);
			dependencies = (
			);
			fileSystemSynchronizedGroups = (
				DF022DB52F4751E0007F6C55 /* Swift-Lab */,
				DF92BED52F925E3F0092C609 /* CLI-Lab */,
			);
			name = "Swift-Lab";
			packageProductDependencies = (
				DF3130A32F4A0F600091DE91 /* RxRelay */,
				DF3130A52F4A0F600091DE91 /* RxSwift */,
				DF4680692F4B4DE500EA65F2 /* Differentiator */,
				DF46806B2F4B4DE500EA65F2 /* RxDataSources */,
				DF9BCFDF2F55E4EE00830E99 /* Kingfisher */,
				DF78549B2F5D5D5000372852 /* DifferenceKit */,
				DFB8909F2F687F9A002130CD /* AutoCodable */,
				DFFBD8502F8C0B8B00D6673B /* ReactorKit */,
			);
			productName = "Swift-Lab";
			productReference = DF022DB32F4751E0007F6C55 /* Swift-Lab.app */;
			productType = "com.apple.product-type.application";
		};
/* End PBXNativeTarget section */

/* Begin PBXProject section */
		DF022DAB2F4751E0007F6C55 /* Project object */ = {
			isa = PBXProject;
			attributes = {
				BuildIndependentTargetsInParallel = 1;
				LastSwiftUpdateCheck = 1640;
				LastUpgradeCheck = 1640;
				TargetAttributes = {
					DF022DB22F4751E0007F6C55 = {
						CreatedOnToolsVersion = 16.4;
					};
				};
			};
			buildConfigurationList = DF022DAE2F4751E0007F6C55 /* Build configuration list for PBXProject "Swift-Lab" */;
			developmentRegion = en;
			hasScannedForEncodings = 0;
			knownRegions = (
				en,
				Base,
			);
			mainGroup = DF022DAA2F4751E0007F6C55;
			minimizedProjectReferenceProxies = 1;
			packageReferences = (
				DF3130A02F4A0F600091DE91 /* XCRemoteSwiftPackageReference "RxSwift" */,
				DF4680682F4B4DE500EA65F2 /* XCRemoteSwiftPackageReference "RxDataSources" */,
				DF9BCFDE2F55E4EE00830E99 /* XCRemoteSwiftPackageReference "Kingfisher" */,
				DF78549A2F5D5D5000372852 /* XCRemoteSwiftPackageReference "DifferenceKit" */,
				DFB8909E2F687F9A002130CD /* XCRemoteSwiftPackageReference "AutoCodable" */,
				DFFBD84F2F8C0B8B00D6673B /* XCRemoteSwiftPackageReference "ReactorKit" */,
			);
			preferredProjectObjectVersion = 77;
			productRefGroup = DF022DB42F4751E0007F6C55 /* Products */;
			projectDirPath = "";
			projectRoot = "";
			targets = (
				DF022DB22F4751E0007F6C55 /* Swift-Lab */,
			);
		};
/* End PBXProject section */

/* Begin PBXResourcesBuildPhase section */
		DF022DB12F4751E0007F6C55 /* Resources */ = {
			isa = PBXResourcesBuildPhase;
			buildActionMask = 2147483647;
			files = (
				DF022DC32F47523E007F6C55 /* .gitignore in Resources */,
			);
			runOnlyForDeploymentPostprocessing = 0;
		};
/* End PBXResourcesBuildPhase section */

/* Begin PBXSourcesBuildPhase section */
		DF022DAF2F4751E0007F6C55 /* Sources */ = {
			isa = PBXSourcesBuildPhase;
			buildActionMask = 2147483647;
			files = (
			);
			runOnlyForDeploymentPostprocessing = 0;
		};
/* End PBXSourcesBuildPhase section */

/* Begin XCBuildConfiguration section */
		DF022DBC2F4751E0007F6C55 /* Debug */ = {
			isa = XCBuildConfiguration;
			buildSettings = {
				ALWAYS_SEARCH_USER_PATHS = NO;
				ASSETCATALOG_COMPILER_GENERATE_SWIFT_ASSET_SYMBOL_EXTENSIONS = YES;
				CLANG_ANALYZER_NONNULL = YES;
				CLANG_ANALYZER_NUMBER_OBJECT_CONVERSION = YES_AGGRESSIVE;
				CLANG_CXX_LANGUAGE_STANDARD = "gnu++20";
				CLANG_ENABLE_MODULES = YES;
				CLANG_ENABLE_OBJC_ARC = YES;
				CLANG_ENABLE_OBJC_WEAK = YES;
				CLANG_WARN_BLOCK_CAPTURE_AUTORELEASING = YES;
				CLANG_WARN_BOOL_CONVERSION = YES;
				CLANG_WARN_COMMA = YES;
				CLANG_WARN_CONSTANT_CONVERSION = YES;
				CLANG_WARN_DEPRECATED_OBJC_IMPLEMENTATIONS = YES;
				CLANG_WARN_DIRECT_OBJC_ISA_USAGE = YES_ERROR;
				CLANG_WARN_DOCUMENTATION_COMMENTS = YES;
				CLANG_WARN_EMPTY_BODY = YES;
				CLANG_WARN_ENUM_CONVERSION = YES;
				CLANG_WARN_INFINITE_RECURSION = YES;
				CLANG_WARN_INT_CONVERSION = YES;
				CLANG_WARN_NON_LITERAL_NULL_CONVERSION = YES;
				CLANG_WARN_OBJC_IMPLICIT_RETAIN_SELF = YES;
				CLANG_WARN_OBJC_LITERAL_CONVERSION = YES;
				CLANG_WARN_OBJC_ROOT_CLASS = YES_ERROR;
				CLANG_WARN_QUOTED_INCLUDE_IN_FRAMEWORK_HEADER = YES;
				CLANG_WARN_RANGE_LOOP_ANALYSIS = YES;
				CLANG_WARN_STRICT_PROTOTYPES = YES;
				CLANG_WARN_SUSPICIOUS_MOVE = YES;
				CLANG_WARN_UNGUARDED_AVAILABILITY = YES_AGGRESSIVE;
				CLANG_WARN_UNREACHABLE_CODE = YES;
				CLANG_WARN__DUPLICATE_METHOD_MATCH = YES;
				COPY_PHASE_STRIP = NO;
				DEBUG_INFORMATION_FORMAT = dwarf;
				DEVELOPMENT_TEAM = LGX4B4WC66;
				ENABLE_STRICT_OBJC_MSGSEND = YES;
				ENABLE_TESTABILITY = YES;
				ENABLE_USER_SCRIPT_SANDBOXING = YES;
				GCC_C_LANGUAGE_STANDARD = gnu17;
				GCC_DYNAMIC_NO_PIC = NO;
				GCC_NO_COMMON_BLOCKS = YES;
				GCC_OPTIMIZATION_LEVEL = 0;
				GCC_PREPROCESSOR_DEFINITIONS = (
					"DEBUG=1",
					"$(inherited)",
				);
				GCC_WARN_64_TO_32_BIT_CONVERSION = YES;
				GCC_WARN_ABOUT_RETURN_TYPE = YES_ERROR;
				GCC_WARN_UNDECLARED_SELECTOR = YES;
				GCC_WARN_UNINITIALIZED_AUTOS = YES_AGGRESSIVE;
				GCC_WARN_UNUSED_FUNCTION = YES;
				GCC_WARN_UNUSED_VARIABLE = YES;
				IPHONEOS_DEPLOYMENT_TARGET = 18.5;
				LOCALIZATION_PREFERS_STRING_CATALOGS = YES;
				MTL_ENABLE_DEBUG_INFO = INCLUDE_SOURCE;
				MTL_FAST_MATH = YES;
				ONLY_ACTIVE_ARCH = YES;
				SDKROOT = iphoneos;
				SWIFT_ACTIVE_COMPILATION_CONDITIONS = "DEBUG $(inherited)";
				SWIFT_OPTIMIZATION_LEVEL = "-Onone";
			};
			name = Debug;
		};
		DF022DBD2F4751E0007F6C55 /* Release */ = {
			isa = XCBuildConfiguration;
			buildSettings = {
				ALWAYS_SEARCH_USER_PATHS = NO;
				ASSETCATALOG_COMPILER_GENERATE_SWIFT_ASSET_SYMBOL_EXTENSIONS = YES;
				CLANG_ANALYZER_NONNULL = YES;
				CLANG_ANALYZER_NUMBER_OBJECT_CONVERSION = YES_AGGRESSIVE;
				CLANG_CXX_LANGUAGE_STANDARD = "gnu++20";
				CLANG_ENABLE_MODULES = YES;
				CLANG_ENABLE_OBJC_ARC = YES;
				CLANG_ENABLE_OBJC_WEAK = YES;
				CLANG_WARN_BLOCK_CAPTURE_AUTORELEASING = YES;
				CLANG_WARN_BOOL_CONVERSION = YES;
				CLANG_WARN_COMMA = YES;
				CLANG_WARN_CONSTANT_CONVERSION = YES;
				CLANG_WARN_DEPRECATED_OBJC_IMPLEMENTATIONS = YES;
				CLANG_WARN_DIRECT_OBJC_ISA_USAGE = YES_ERROR;
				CLANG_WARN_DOCUMENTATION_COMMENTS = YES;
				CLANG_WARN_EMPTY_BODY = YES;
				CLANG_WARN_ENUM_CONVERSION = YES;
				CLANG_WARN_INFINITE_RECURSION = YES;
				CLANG_WARN_INT_CONVERSION = YES;
				CLANG_WARN_NON_LITERAL_NULL_CONVERSION = YES;
				CLANG_WARN_OBJC_IMPLICIT_RETAIN_SELF = YES;
				CLANG_WARN_OBJC_LITERAL_CONVERSION = YES;
				CLANG_WARN_OBJC_ROOT_CLASS = YES_ERROR;
				CLANG_WARN_QUOTED_INCLUDE_IN_FRAMEWORK_HEADER = YES;
				CLANG_WARN_RANGE_LOOP_ANALYSIS = YES;
				CLANG_WARN_STRICT_PROTOTYPES = YES;
				CLANG_WARN_SUSPICIOUS_MOVE = YES;
				CLANG_WARN_UNGUARDED_AVAILABILITY = YES_AGGRESSIVE;
				CLANG_WARN_UNREACHABLE_CODE = YES;
				CLANG_WARN__DUPLICATE_METHOD_MATCH = YES;
				COPY_PHASE_STRIP = NO;
				DEBUG_INFORMATION_FORMAT = "dwarf-with-dsym";
				DEVELOPMENT_TEAM = LGX4B4WC66;
				ENABLE_NS_ASSERTIONS = NO;
				ENABLE_STRICT_OBJC_MSGSEND = YES;
				ENABLE_USER_SCRIPT_SANDBOXING = YES;
				GCC_C_LANGUAGE_STANDARD = gnu17;
				GCC_NO_COMMON_BLOCKS = YES;
				GCC_WARN_64_TO_32_BIT_CONVERSION = YES;
				GCC_WARN_ABOUT_RETURN_TYPE = YES_ERROR;
				GCC_WARN_UNDECLARED_SELECTOR = YES;
				GCC_WARN_UNINITIALIZED_AUTOS = YES_AGGRESSIVE;
				GCC_WARN_UNUSED_FUNCTION = YES;
				GCC_WARN_UNUSED_VARIABLE = YES;
				IPHONEOS_DEPLOYMENT_TARGET = 18.5;
				LOCALIZATION_PREFERS_STRING_CATALOGS = YES;
				MTL_ENABLE_DEBUG_INFO = NO;
				MTL_FAST_MATH = YES;
				SDKROOT = iphoneos;
				SWIFT_COMPILATION_MODE = wholemodule;
				VALIDATE_PRODUCT = YES;
			};
			name = Release;
		};
		DF022DBF2F4751E0007F6C55 /* Debug */ = {
			isa = XCBuildConfiguration;
			buildSettings = {
				ASSETCATALOG_COMPILER_APPICON_NAME = AppIcon;
				ASSETCATALOG_COMPILER_GLOBAL_ACCENT_COLOR_NAME = AccentColor;
				CODE_SIGN_STYLE = Automatic;
				CURRENT_PROJECT_VERSION = 1;
				DEVELOPMENT_TEAM = LGX4B4WC66;
				ENABLE_PREVIEWS = YES;
				GENERATE_INFOPLIST_FILE = YES;
				INFOPLIST_FILE = "Swift-Lab/Info.plist";
				INFOPLIST_KEY_UIApplicationSceneManifest_Generation = YES;
				INFOPLIST_KEY_UIApplicationSupportsIndirectInputEvents = YES;
				INFOPLIST_KEY_UILaunchScreen_Generation = YES;
				INFOPLIST_KEY_UISupportedInterfaceOrientations_iPad = "UIInterfaceOrientationPortrait UIInterfaceOrientationPortraitUpsideDown UIInterfaceOrientationLandscapeLeft UIInterfaceOrientationLandscapeRight";
				INFOPLIST_KEY_UISupportedInterfaceOrientations_iPhone = "UIInterfaceOrientationPortrait UIInterfaceOrientationLandscapeLeft UIInterfaceOrientationLandscapeRight";
				LD_RUNPATH_SEARCH_PATHS = (
					"$(inherited)",
					"@executable_path/Frameworks",
				);
				MARKETING_VERSION = 1.0;
				PRODUCT_BUNDLE_IDENTIFIER = "com.indextrown.Swift-Lab";
				PRODUCT_NAME = "$(TARGET_NAME)";
				SWIFT_EMIT_LOC_STRINGS = YES;
				SWIFT_VERSION = 5.0;
				TARGETED_DEVICE_FAMILY = "1,2";
			};
			name = Debug;
		};
		DF022DC02F4751E0007F6C55 /* Release */ = {
			isa = XCBuildConfiguration;
			buildSettings = {
				ASSETCATALOG_COMPILER_APPICON_NAME = AppIcon;
				ASSETCATALOG_COMPILER_GLOBAL_ACCENT_COLOR_NAME = AccentColor;
				CODE_SIGN_STYLE = Automatic;
				CURRENT_PROJECT_VERSION = 1;
				DEVELOPMENT_TEAM = LGX4B4WC66;
				ENABLE_PREVIEWS = YES;
				GENERATE_INFOPLIST_FILE = YES;
				INFOPLIST_FILE = "Swift-Lab/Info.plist";
				INFOPLIST_KEY_UIApplicationSceneManifest_Generation = YES;
				INFOPLIST_KEY_UIApplicationSupportsIndirectInputEvents = YES;
				INFOPLIST_KEY_UILaunchScreen_Generation = YES;
				INFOPLIST_KEY_UISupportedInterfaceOrientations_iPad = "UIInterfaceOrientationPortrait UIInterfaceOrientationPortraitUpsideDown UIInterfaceOrientationLandscapeLeft UIInterfaceOrientationLandscapeRight";
				INFOPLIST_KEY_UISupportedInterfaceOrientations_iPhone = "UIInterfaceOrientationPortrait UIInterfaceOrientationLandscapeLeft UIInterfaceOrientationLandscapeRight";
				LD_RUNPATH_SEARCH_PATHS = (
					"$(inherited)",
					"@executable_path/Frameworks",
				);
				MARKETING_VERSION = 1.0;
				PRODUCT_BUNDLE_IDENTIFIER = "com.indextrown.Swift-Lab";
				PRODUCT_NAME = "$(TARGET_NAME)";
				SWIFT_EMIT_LOC_STRINGS = YES;
				SWIFT_VERSION = 5.0;
				TARGETED_DEVICE_FAMILY = "1,2";
			};
			name = Release;
		};
/* End XCBuildConfiguration section */

/* Begin XCConfigurationList section */
		DF022DAE2F4751E0007F6C55 /* Build configuration list for PBXProject "Swift-Lab" */ = {
			isa = XCConfigurationList;
			buildConfigurations = (
				DF022DBC2F4751E0007F6C55 /* Debug */,
				DF022DBD2F4751E0007F6C55 /* Release */,
			);
			defaultConfigurationIsVisible = 0;
			defaultConfigurationName = Release;
		};
		DF022DBE2F4751E0007F6C55 /* Build configuration list for PBXNativeTarget "Swift-Lab" */ = {
			isa = XCConfigurationList;
			buildConfigurations = (
				DF022DBF2F4751E0007F6C55 /* Debug */,
				DF022DC02F4751E0007F6C55 /* Release */,
			);
			defaultConfigurationIsVisible = 0;
			defaultConfigurationName = Release;
		};
/* End XCConfigurationList section */

/* Begin XCRemoteSwiftPackageReference section */
		DF3130A02F4A0F600091DE91 /* XCRemoteSwiftPackageReference "RxSwift" */ = {
			isa = XCRemoteSwiftPackageReference;
			repositoryURL = "https://github.com/ReactiveX/RxSwift.git";
			requirement = {
				kind = upToNextMajorVersion;
				minimumVersion = 6.10.1;
			};
		};
		DF4680682F4B4DE500EA65F2 /* XCRemoteSwiftPackageReference "RxDataSources" */ = {
			isa = XCRemoteSwiftPackageReference;
			repositoryURL = "https://github.com/RxSwiftCommunity/RxDataSources.git";
			requirement = {
				kind = upToNextMajorVersion;
				minimumVersion = 5.0.2;
			};
		};
		DF78549A2F5D5D5000372852 /* XCRemoteSwiftPackageReference "DifferenceKit" */ = {
			isa = XCRemoteSwiftPackageReference;
			repositoryURL = "https://github.com/ra1028/DifferenceKit";
			requirement = {
				kind = upToNextMajorVersion;
				minimumVersion = 1.3.0;
			};
		};
		DF9BCFDE2F55E4EE00830E99 /* XCRemoteSwiftPackageReference "Kingfisher" */ = {
			isa = XCRemoteSwiftPackageReference;
			repositoryURL = "https://github.com/onevcat/Kingfisher";
			requirement = {
				kind = upToNextMajorVersion;
				minimumVersion = 8.7.0;
			};
		};
		DFB8909E2F687F9A002130CD /* XCRemoteSwiftPackageReference "AutoCodable" */ = {
			isa = XCRemoteSwiftPackageReference;
			repositoryURL = "https://github.com/indextrown/AutoCodable.git";
			requirement = {
				kind = upToNextMajorVersion;
				minimumVersion = 1.0.1;
			};
		};
		DFFBD84F2F8C0B8B00D6673B /* XCRemoteSwiftPackageReference "ReactorKit" */ = {
			isa = XCRemoteSwiftPackageReference;
			repositoryURL = "https://github.com/ReactorKit/ReactorKit.git";
			requirement = {
				kind = upToNextMajorVersion;
				minimumVersion = 3.2.0;
			};
		};
/* End XCRemoteSwiftPackageReference section */

/* Begin XCSwiftPackageProductDependency section */
		DF3130A32F4A0F600091DE91 /* RxRelay */ = {
			isa = XCSwiftPackageProductDependency;
			package = DF3130A02F4A0F600091DE91 /* XCRemoteSwiftPackageReference "RxSwift" */;
			productName = RxRelay;
		};
		DF3130A52F4A0F600091DE91 /* RxSwift */ = {
			isa = XCSwiftPackageProductDependency;
			package = DF3130A02F4A0F600091DE91 /* XCRemoteSwiftPackageReference "RxSwift" */;
			productName = RxSwift;
		};
		DF4680692F4B4DE500EA65F2 /* Differentiator */ = {
			isa = XCSwiftPackageProductDependency;
			package = DF4680682F4B4DE500EA65F2 /* XCRemoteSwiftPackageReference "RxDataSources" */;
			productName = Differentiator;
		};
		DF46806B2F4B4DE500EA65F2 /* RxDataSources */ = {
			isa = XCSwiftPackageProductDependency;
			package = DF4680682F4B4DE500EA65F2 /* XCRemoteSwiftPackageReference "RxDataSources" */;
			productName = RxDataSources;
		};
		DF78549B2F5D5D5000372852 /* DifferenceKit */ = {
			isa = XCSwiftPackageProductDependency;
			package = DF78549A2F5D5D5000372852 /* XCRemoteSwiftPackageReference "DifferenceKit" */;
			productName = DifferenceKit;
		};
		DF9BCFDF2F55E4EE00830E99 /* Kingfisher */ = {
			isa = XCSwiftPackageProductDependency;
			package = DF9BCFDE2F55E4EE00830E99 /* XCRemoteSwiftPackageReference "Kingfisher" */;
			productName = Kingfisher;
		};
		DFB8909F2F687F9A002130CD /* AutoCodable */ = {
			isa = XCSwiftPackageProductDependency;
			package = DFB8909E2F687F9A002130CD /* XCRemoteSwiftPackageReference "AutoCodable" */;
			productName = AutoCodable;
		};
		DFFBD8502F8C0B8B00D6673B /* ReactorKit */ = {
			isa = XCSwiftPackageProductDependency;
			package = DFFBD84F2F8C0B8B00D6673B /* XCRemoteSwiftPackageReference "ReactorKit" */;
			productName = ReactorKit;
		};
/* End XCSwiftPackageProductDependency section */
	};
	rootObject = DF022DAB2F4751E0007F6C55 /* Project object */;
}
